
Microsoft Visual Studio Solution File, Format Version 12.00
# Visual Studio Version 17
VisualStudioVersion = 17.14.36908.2 d17.14
MinimumVisualStudioVersion = 10.0.40219.1
Project("{FAE04EC0-301F-11D3-BF4B-00C04F79EFBC}") = "AssetManagement", "AssetManagement\AssetManagement.csproj", "{0C5BAF67-2542-40FE-B9ED-A086BAAA3A04}"
EndProject
Global
	GlobalSection(SolutionConfigurationPlatforms) = preSolution
		Debug|Any CPU = Debug|Any CPU
		Release|Any CPU = Release|Any CPU
	EndGlobalSection
	GlobalSection(ProjectConfigurationPlatforms) = postSolution
		{0C5BAF67-2542-40FE-B9ED-A086BAAA3A04}.Debug|Any CPU.ActiveCfg = Debug|Any CPU
		{0C5BAF67-2542-40FE-B9ED-A086BAAA3A04}.Debug|Any CPU.Build.0 = Debug|Any CPU
		{0C5BAF67-2542-40FE-B9ED-A086BAAA3A04}.Release|Any CPU.ActiveCfg = Release|Any CPU
		{0C5BAF67-2542-40FE-B9ED-A086BAAA3A04}.Release|Any CPU.Build.0 = Release|Any CPU
	EndGlobalSection
	GlobalSection(SolutionProperties) = preSolution
		HideSolutionNode = FALSE
	EndGlobalSection
	GlobalSection(ExtensibilityGlobals) = postSolution
		SolutionGuid = {BCA7A584-622A-4563-AC75-AD86B37AAC39}
	EndGlobalSection
EndGlobal
